speakeasyVersion: 1.680.5
sources:
    kombo-prepared-spec:
        sourceNamespace: kombo-api
        sourceRevisionDigest: sha256:a5fe5195f153a9a1bf1067433280396a9eda8e8e7cd2c77fac5d660452ae35ac
        sourceBlobDigest: sha256:683bdd69d70c655c06ed75a12d3de6bd65feb7a29d815114ed488fb0d42208c4
        tags:
            - latest
            - speakeasy-sdk-regen-1766102547
            - 1.0.0
targets:
    kombo-typescript:
        source: kombo-prepared-spec
        sourceNamespace: kombo-api
        sourceRevisionDigest: sha256:a5fe5195f153a9a1bf1067433280396a9eda8e8e7cd2c77fac5d660452ae35ac
        sourceBlobDigest: sha256:683bdd69d70c655c06ed75a12d3de6bd65feb7a29d815114ed488fb0d42208c4
        codeSamplesNamespace: kombo-api-typescript-code-samples
        codeSamplesRevisionDigest: sha256:7ca3fb500f98f1866b7418112c8177b371b644522f117d5ed8de79397d312b50
workflow:
    workflowVersion: 1.0.0
    speakeasyVersion: latest
    sources:
        kombo-prepared-spec:
            inputs:
                - location: https://api.kombo.dev/internal/sdk.openapi.yaml
                  authHeader: Authorization
                  authSecret: $openapi_doc_auth_token
            registry:
                location: registry.speakeasyapi.dev/kombo-ayg/api/kombo-api
    targets:
        kombo-typescript:
            target: typescript
            source: kombo-prepared-spec
            publish:
                npm:
                    token: $npm_token
            codeSamples:
                registry:
                    location: registry.speakeasyapi.dev/kombo-ayg/api/kombo-api-typescript-code-samples
                blocking: false
            testing:
                enabled: false
