speakeasyVersion: 1.798.0
sources:
    kombo-prepared-spec:
        sourceNamespace: kombo-api
        sourceRevisionDigest: sha256:1b6bbf5fa94e0034368a5b81efdc9c414898d2b9be61f8b083ca041d3a117876
        sourceBlobDigest: sha256:4e1b8b6fe10ae300af823f0e7c5791d2c2af47b5ca165711d6c9853cad507644
        tags:
            - latest
            - 1.0.0
targets:
    kombo-typescript:
        source: kombo-prepared-spec
        sourceNamespace: kombo-api
        sourceRevisionDigest: sha256:1b6bbf5fa94e0034368a5b81efdc9c414898d2b9be61f8b083ca041d3a117876
        sourceBlobDigest: sha256:4e1b8b6fe10ae300af823f0e7c5791d2c2af47b5ca165711d6c9853cad507644
        codeSamplesNamespace: kombo-api-typescript-code-samples
        codeSamplesRevisionDigest: sha256:424b61ec561107c6be4e10c0a57a2668f24a6cdd8a43c4b340b714b0db81f675
workflow:
    workflowVersion: 1.0.0
    speakeasyVersion: latest
    sources:
        kombo-prepared-spec:
            inputs:
                - location: https://api.kombo.dev/internal/sdk.openapi.yaml
                  authHeader: Authorization
                  authSecret: $openapi_doc_auth_token
            registry:
                location: registry.speakeasyapi.dev/kombo-ayg/api/kombo-api
    targets:
        kombo-typescript:
            target: typescript
            source: kombo-prepared-spec
            publish:
                npm:
                    token: $npm_token
            codeSamples:
                registry:
                    location: registry.speakeasyapi.dev/kombo-ayg/api/kombo-api-typescript-code-samples
                blocking: false
            testing:
                enabled: false
