speakeasyVersion: 1.682.0
sources:
    kombo-prepared-spec:
        sourceNamespace: kombo-api
        sourceRevisionDigest: sha256:48c654f9286267719d593eebbf8a3fe507e5f4a7efa7bd1a7f858085d2a44b82
        sourceBlobDigest: sha256:38b8e0461d7bfad0d8988a4c6e1b5c8edd92e8bd2c33d307e6e7d8dc14fe5096
        tags:
            - latest
            - speakeasy-sdk-regen-1767804092
            - 1.0.0
targets:
    kombo-typescript:
        source: kombo-prepared-spec
        sourceNamespace: kombo-api
        sourceRevisionDigest: sha256:48c654f9286267719d593eebbf8a3fe507e5f4a7efa7bd1a7f858085d2a44b82
        sourceBlobDigest: sha256:38b8e0461d7bfad0d8988a4c6e1b5c8edd92e8bd2c33d307e6e7d8dc14fe5096
        codeSamplesNamespace: kombo-api-typescript-code-samples
        codeSamplesRevisionDigest: sha256:271356af32b9e5b7580d74974b6e3f7454a1ae7250fdd6407dec06d94353523a
workflow:
    workflowVersion: 1.0.0
    speakeasyVersion: latest
    sources:
        kombo-prepared-spec:
            inputs:
                - location: https://api.kombo.dev/internal/sdk.openapi.yaml
                  authHeader: Authorization
                  authSecret: $openapi_doc_auth_token
            registry:
                location: registry.speakeasyapi.dev/kombo-ayg/api/kombo-api
    targets:
        kombo-typescript:
            target: typescript
            source: kombo-prepared-spec
            publish:
                npm:
                    token: $npm_token
            codeSamples:
                registry:
                    location: registry.speakeasyapi.dev/kombo-ayg/api/kombo-api-typescript-code-samples
                blocking: false
            testing:
                enabled: false
